
Microsoft Visual Studio Solution File, Format Version 12.00
# Visual Studio Version 17
VisualStudioVersion = 17.10.34916.146
MinimumVisualStudioVersion = 10.0.40219.1
Project("{9A19103F-16F7-4668-BE54-9A1E7A4F7556}") = "Workspace", "Workspace\Workspace.csproj", "{43E0DF67-194D-43D1-8CF3-02FE88FDF1B5}"
EndProject
Project("{FAE04EC0-301F-11D3-BF4B-00C04F79EFBC}") = "Entities", "Entities\Entities.csproj", "{A68E036C-198E-41FD-B789-90686F04B417}"
EndProject
Project("{FAE04EC0-301F-11D3-BF4B-00C04F79EFBC}") = "Business", "Business\Business.csproj", "{AA6BC8FF-EEE2-4EC6-8110-64FD7C2193DA}"
EndProject
Global
	GlobalSection(SolutionConfigurationPlatforms) = preSolution
		Debug|Any CPU = Debug|Any CPU
		Release|Any CPU = Release|Any CPU
	EndGlobalSection
	GlobalSection(ProjectConfigurationPlatforms) = postSolution
		{43E0DF67-194D-43D1-8CF3-02FE88FDF1B5}.Debug|Any CPU.ActiveCfg = Debug|Any CPU
		{43E0DF67-194D-43D1-8CF3-02FE88FDF1B5}.Debug|Any CPU.Build.0 = Debug|Any CPU
		{43E0DF67-194D-43D1-8CF3-02FE88FDF1B5}.Release|Any CPU.ActiveCfg = Release|Any CPU
		{43E0DF67-194D-43D1-8CF3-02FE88FDF1B5}.Release|Any CPU.Build.0 = Release|Any CPU
		{A68E036C-198E-41FD-B789-90686F04B417}.Debug|Any CPU.ActiveCfg = Debug|Any CPU
		{A68E036C-198E-41FD-B789-90686F04B417}.Debug|Any CPU.Build.0 = Debug|Any CPU
		{A68E036C-198E-41FD-B789-90686F04B417}.Release|Any CPU.ActiveCfg = Release|Any CPU
		{A68E036C-198E-41FD-B789-90686F04B417}.Release|Any CPU.Build.0 = Release|Any CPU
		{AA6BC8FF-EEE2-4EC6-8110-64FD7C2193DA}.Debug|Any CPU.ActiveCfg = Debug|Any CPU
		{AA6BC8FF-EEE2-4EC6-8110-64FD7C2193DA}.Debug|Any CPU.Build.0 = Debug|Any CPU
		{AA6BC8FF-EEE2-4EC6-8110-64FD7C2193DA}.Release|Any CPU.ActiveCfg = Release|Any CPU
		{AA6BC8FF-EEE2-4EC6-8110-64FD7C2193DA}.Release|Any CPU.Build.0 = Release|Any CPU
	EndGlobalSection
	GlobalSection(SolutionProperties) = preSolution
		HideSolutionNode = FALSE
	EndGlobalSection
	GlobalSection(ExtensibilityGlobals) = postSolution
		SolutionGuid = {5BD53662-2FBA-4690-B8E9-2FA1410ECB48}
	EndGlobalSection
EndGlobal
